<?xml version="1.0" encoding="utf-8"?>
<Project ToolsVersion="4.0" xmlns="http://schemas.microsoft.com/developer/msbuild/2003">
  <ItemGroup>
    <Filter Include="Source Files">
      <UniqueIdentifier>{753721f0-bfe9-4b47-a67d-2cfa3c2ec439}</UniqueIdentifier>
    </Filter>
    <Filter Include="Media Files">
      <UniqueIdentifier>{16f4b2c5-ba30-4a52-bf9b-c52d9dc874b4}</UniqueIdentifier>
    </Filter>
    <Filter Include="Media Files\meshes">
      <UniqueIdentifier>{9eac34d8-ac53-49b9-8a27-99df84936e04}</UniqueIdentifier>
    </Filter>
    <Filter Include="Media Files\textures">
      <UniqueIdentifier>{bbc2b020-e13d-4c97-9506-425376e4b769}</UniqueIdentifier>
    </Filter>
    <Filter Include="Resource Files">
      <UniqueIdentifier>{d2f2dbae-56eb-4eb2-8af4-a5185449e9ad}</UniqueIdentifier>
    </Filter>
  </ItemGroup>
  <ItemGroup>
    <ClCompile Include="Curve\curveEngine.cpp">
      <Filter>Source Files</Filter>
    </ClCompile>
    <ClCompile Include="Curve\curvereader.cpp">
      <Filter>Source Files</Filter>
    </ClCompile>
    <ClCompile Include="GPUBlendShapes.cpp">
      <Filter>Source Files</Filter>
    </ClCompile>
  </ItemGroup>
  <ItemGroup>
    <ClInclude Include="Curve\curveEngine.h">
      <Filter>Source Files</Filter>
    </ClInclude>
    <ClInclude Include="Curve\curvereader.h">
      <Filter>Source Files</Filter>
    </ClInclude>
    <ClInclude Include="nvd3d10rawmesh.h">
      <Filter>Source Files</Filter>
    </ClInclude>
    <ClInclude Include="NVRawMesh.h">
      <Filter>Source Files</Filter>
    </ClInclude>
    <ClInclude Include="resource.h">
      <Filter>Resource Files</Filter>
    </ClInclude>
  </ItemGroup>
  <ItemGroup>
    <FXC Include="GPUBlendShapes.fx">
      <Filter>Source Files</Filter>
    </FXC>
    <FXC Include="..\Common\NVUT\nvutskybox.fx">
      <Filter>Source Files</Filter>
    </FXC>
  </ItemGroup>
  <ItemGroup>
    <None Include="GPUBlendShapes_TBuffer.fxh">
      <Filter>Source Files</Filter>
    </None>
    <None Include="..\..\Media\MediaFor_GPUBlendShapes\anim.txt">
      <Filter>Media Files</Filter>
    </None>
    <None Include="..\..\Media\CM_Forest.dds">
      <Filter>Media Files</Filter>
    </None>
    <None Include="..\..\Media\CM_Forest_diffuse.dds">
      <Filter>Media Files</Filter>
    </None>
    <None Include="..\..\Media\CM_forest_specular.dds">
      <Filter>Media Files</Filter>
    </None>
    <None Include="..\..\Media\directx.ico">
      <Filter>Media Files</Filter>
    </None>
    <None Include="..\..\Media\MediaFor_GPUBlendShapes\dawn_BodyShape.mesh">
      <Filter>Media Files\meshes</Filter>
    </None>
    <None Include="..\..\Media\MediaFor_GPUBlendShapes\dawn_HeadShape.mesh">
      <Filter>Media Files\meshes</Filter>
    </None>
    <None Include="..\..\Media\MediaFor_GPUBlendShapes\dawn_LEyeShape.mesh">
      <Filter>Media Files\meshes</Filter>
    </None>
    <None Include="..\..\Media\MediaFor_GPUBlendShapes\dawn_REyeShape.mesh">
      <Filter>Media Files\meshes</Filter>
    </None>
    <None Include="..\..\Media\MediaFor_GPUBlendshapes\dawn_teethUpperShape.mesh">
      <Filter>Media Files\meshes</Filter>
    </None>
    <None Include="..\..\Media\MediaFor_GPUBlendShapes\f_eye_col.dds">
      <Filter>Media Files\textures</Filter>
    </None>
    <None Include="..\..\Media\MediaFor_GPUBlendShapes\f_head_back_col.dds">
      <Filter>Media Files\textures</Filter>
    </None>
    <None Include="..\..\Media\MediaFor_GPUBlendshapes\f_head_front_bmp_norm_rgb8.dds">
      <Filter>Media Files\textures</Filter>
    </None>
    <None Include="..\..\Media\MediaFor_GPUBlendShapes\f_head_front_col.dds">
      <Filter>Media Files\textures</Filter>
    </None>
    <None Include="..\..\Media\MediaFor_GPUBlendShapes\f_skin_spec_shift.dds">
      <Filter>Media Files\textures</Filter>
    </None>
    <None Include="..\..\Media\MediaFor_GPUBlendShapes\f_torso_back_col.dds">
      <Filter>Media Files\textures</Filter>
    </None>
    <None Include="..\..\Media\MediaFor_GPUBlendShapes\f_torso_front_col.dds">
      <Filter>Media Files\textures</Filter>
    </None>
    <None Include="..\..\Media\MediaFor_GPUBlendShapes\f_ularm_back_col.dds">
      <Filter>Media Files\textures</Filter>
    </None>
    <None Include="..\..\Media\MediaFor_GPUBlendShapes\f_ularm_front_col.dds">
      <Filter>Media Files\textures</Filter>
    </None>
    <None Include="..\..\Media\MediaFor_GPUBlendShapes\f_urarm_back_col.dds">
      <Filter>Media Files\textures</Filter>
    </None>
    <None Include="..\..\Media\MediaFor_GPUBlendShapes\f_urarm_front_col.dds">
      <Filter>Media Files\textures</Filter>
    </None>
  </ItemGroup>
  <ItemGroup>
    <Manifest Include="GPUBlendShapes.manifest">
      <Filter>Resource Files</Filter>
    </Manifest>
  </ItemGroup>
  <ItemGroup>
    <ResourceCompile Include="GPUBlendShapes.rc">
      <Filter>Resource Files</Filter>
    </ResourceCompile>
  </ItemGroup>
</Project>